
Microsoft Visual Studio Solution File, Format Version 12.00
# Visual Studio Version 16
VisualStudioVersion = 16.0.31019.35
MinimumVisualStudioVersion = 10.0.40219.1
Project("{9A19103F-16F7-4668-BE54-9A1E7A4F7556}") = "TypeTreeGenerator", "TypeTreeGenerator\TypeTreeGenerator.csproj", "{E41E21DD-8D3E-431B-B646-459CB194135B}"
EndProject
Project("{FAE04EC0-301F-11D3-BF4B-00C04F79EFBC}") = "TypeTreeGeneratorCLI", "TypeTreeGeneratorCLI\TypeTreeGeneratorCLI.csproj", "{86894C29-F857-44DB-8671-D356B4F4F999}"
EndProject
Global
	GlobalSection(SolutionConfigurationPlatforms) = preSolution
		Debug|Any CPU = Debug|Any CPU
		Debug|x64 = Debug|x64
		Release|Any CPU = Release|Any CPU
		Release|x64 = Release|x64
	EndGlobalSection
	GlobalSection(ProjectConfigurationPlatforms) = postSolution
		{E41E21DD-8D3E-431B-B646-459CB194135B}.Debug|Any CPU.ActiveCfg = Debug|Any CPU
		{E41E21DD-8D3E-431B-B646-459CB194135B}.Debug|Any CPU.Build.0 = Debug|Any CPU
		{E41E21DD-8D3E-431B-B646-459CB194135B}.Debug|x64.ActiveCfg = Debug|Any CPU
		{E41E21DD-8D3E-431B-B646-459CB194135B}.Debug|x64.Build.0 = Debug|Any CPU
		{E41E21DD-8D3E-431B-B646-459CB194135B}.Release|Any CPU.ActiveCfg = Release|Any CPU
		{E41E21DD-8D3E-431B-B646-459CB194135B}.Release|Any CPU.Build.0 = Release|Any CPU
		{E41E21DD-8D3E-431B-B646-459CB194135B}.Release|x64.ActiveCfg = Release|x64
		{E41E21DD-8D3E-431B-B646-459CB194135B}.Release|x64.Build.0 = Release|x64
		{86894C29-F857-44DB-8671-D356B4F4F999}.Debug|Any CPU.ActiveCfg = Debug|Any CPU
		{86894C29-F857-44DB-8671-D356B4F4F999}.Debug|Any CPU.Build.0 = Debug|Any CPU
		{86894C29-F857-44DB-8671-D356B4F4F999}.Debug|x64.ActiveCfg = Debug|Any CPU
		{86894C29-F857-44DB-8671-D356B4F4F999}.Debug|x64.Build.0 = Debug|Any CPU
		{86894C29-F857-44DB-8671-D356B4F4F999}.Release|Any CPU.ActiveCfg = Release|Any CPU
		{86894C29-F857-44DB-8671-D356B4F4F999}.Release|Any CPU.Build.0 = Release|Any CPU
		{86894C29-F857-44DB-8671-D356B4F4F999}.Release|x64.ActiveCfg = Release|Any CPU
		{86894C29-F857-44DB-8671-D356B4F4F999}.Release|x64.Build.0 = Release|Any CPU
	EndGlobalSection
	GlobalSection(SolutionProperties) = preSolution
		HideSolutionNode = FALSE
	EndGlobalSection
	GlobalSection(ExtensibilityGlobals) = postSolution
		SolutionGuid = {DEE272AF-D6A8-4545-8529-14E98EDA1209}
	EndGlobalSection
EndGlobal
